
Microsoft Visual Studio Solution File, Format Version 12.00
# Visual Studio Version 17
VisualStudioVersion = 17.6.33829.357
MinimumVisualStudioVersion = 10.0.40219.1
Project("{FAE04EC0-301F-11D3-BF4B-00C04F79EFBC}") = "blockchain_test_API", "blockchain_test_API\blockchain_test_API.csproj", "{BC5A9106-012D-46D5-B24C-7541FACBBA45}"
EndProject
Global
	GlobalSection(SolutionConfigurationPlatforms) = preSolution
		Debug|Any CPU = Debug|Any CPU
		Release|Any CPU = Release|Any CPU
	EndGlobalSection
	GlobalSection(ProjectConfigurationPlatforms) = postSolution
		{BC5A9106-012D-46D5-B24C-7541FACBBA45}.Debug|Any CPU.ActiveCfg = Debug|Any CPU
		{BC5A9106-012D-46D5-B24C-7541FACBBA45}.Debug|Any CPU.Build.0 = Debug|Any CPU
		{BC5A9106-012D-46D5-B24C-7541FACBBA45}.Release|Any CPU.ActiveCfg = Release|Any CPU
		{BC5A9106-012D-46D5-B24C-7541FACBBA45}.Release|Any CPU.Build.0 = Release|Any CPU
	EndGlobalSection
	GlobalSection(SolutionProperties) = preSolution
		HideSolutionNode = FALSE
	EndGlobalSection
	GlobalSection(ExtensibilityGlobals) = postSolution
		SolutionGuid = {4BD1A13A-453D-421A-ABAD-6277CF53E94D}
	EndGlobalSection
EndGlobal
